
Microsoft Visual Studio Solution File, Format Version 12.00
# Visual Studio Version 17
VisualStudioVersion = 17.11.35222.181
MinimumVisualStudioVersion = 10.0.40219.1
Project("{FAE04EC0-301F-11D3-BF4B-00C04F79EFBC}") = "MudarCorApp", "MudarCorApp\MudarCorApp.csproj", "{A6E4F64A-7C25-4170-B810-CB5C3B112E72}"
EndProject
Global
	GlobalSection(SolutionConfigurationPlatforms) = preSolution
		Debug|Any CPU = Debug|Any CPU
		Release|Any CPU = Release|Any CPU
	EndGlobalSection
	GlobalSection(ProjectConfigurationPlatforms) = postSolution
		{A6E4F64A-7C25-4170-B810-CB5C3B112E72}.Debug|Any CPU.ActiveCfg = Debug|Any CPU
		{A6E4F64A-7C25-4170-B810-CB5C3B112E72}.Debug|Any CPU.Build.0 = Debug|Any CPU
		{A6E4F64A-7C25-4170-B810-CB5C3B112E72}.Release|Any CPU.ActiveCfg = Release|Any CPU
		{A6E4F64A-7C25-4170-B810-CB5C3B112E72}.Release|Any CPU.Build.0 = Release|Any CPU
	EndGlobalSection
	GlobalSection(SolutionProperties) = preSolution
		HideSolutionNode = FALSE
	EndGlobalSection
	GlobalSection(ExtensibilityGlobals) = postSolution
		SolutionGuid = {14863F83-16B8-4C90-9076-1841E705A4AD}
	EndGlobalSection
EndGlobal
